
Microsoft Visual Studio Solution File, Format Version 12.00
# Visual Studio Version 16
VisualStudioVersion = 16.0.29215.179
MinimumVisualStudioVersion = 10.0.40219.1
Project("{FAE04EC0-301F-11D3-BF4B-00C04F79EFBC}") = "Final_Project", "Final_Project.csproj", "{0BA378D6-66A0-495C-8BF1-B045DEF15E0C}"
EndProject
Global
	GlobalSection(SolutionConfigurationPlatforms) = preSolution
		Debug|Any CPU = Debug|Any CPU
		Release|Any CPU = Release|Any CPU
	EndGlobalSection
	GlobalSection(ProjectConfigurationPlatforms) = postSolution
		{0BA378D6-66A0-495C-8BF1-B045DEF15E0C}.Debug|Any CPU.ActiveCfg = Debug|Any CPU
		{0BA378D6-66A0-495C-8BF1-B045DEF15E0C}.Debug|Any CPU.Build.0 = Debug|Any CPU
		{0BA378D6-66A0-495C-8BF1-B045DEF15E0C}.Release|Any CPU.ActiveCfg = Release|Any CPU
		{0BA378D6-66A0-495C-8BF1-B045DEF15E0C}.Release|Any CPU.Build.0 = Release|Any CPU
	EndGlobalSection
	GlobalSection(SolutionProperties) = preSolution
		HideSolutionNode = FALSE
	EndGlobalSection
	GlobalSection(ExtensibilityGlobals) = postSolution
		SolutionGuid = {B415C0F0-3B14-46BE-8814-20B6117B3059}
	EndGlobalSection
EndGlobal
